<?xml version="1.0" encoding="utf-8"?>
<Project ToolsVersion="4.0" xmlns="http://schemas.microsoft.com/developer/msbuild/2003">
  <ItemGroup>
    <Filter Include="Source Files">
      <UniqueIdentifier>{4FC737F1-C7A5-4376-A066-2A32D752A2FF}</UniqueIdentifier>
      <Extensions>cpp;c;cc;cxx;c++;cppm;ixx;def;odl;idl;hpj;bat;asm;asmx</Extensions>
    </Filter>
    <Filter Include="Header Files">
      <UniqueIdentifier>{93995380-89BD-4b04-88EB-625FBE52EBFB}</UniqueIdentifier>
      <Extensions>h;hh;hpp;hxx;h++;hm;inl;inc;ipp;xsd</Extensions>
    </Filter>
    <Filter Include="Resource Files">
      <UniqueIdentifier>{67DA6AB6-F800-4c08-8B7A-83BB121AAD01}</UniqueIdentifier>
      <Extensions>rc;ico;cur;bmp;dlg;rc2;rct;bin;rgs;gif;jpg;jpeg;jpe;resx;tiff;tif;png;wav;mfcribbon-ms</Extensions>
    </Filter>
  </ItemGroup>
  <ItemGroup>
    <ClInclude Include="Chapter01\BagInterface.h">
      <Filter>Header Files</Filter>
    </ClInclude>
    <ClInclude Include="Chapter03\ArrayBag\ArrayBag.h">
      <Filter>Header Files</Filter>
    </ClInclude>
    <ClInclude Include="Chapter03\ArrayBag\BagInterface.h">
      <Filter>Header Files</Filter>
    </ClInclude>
    <ClInclude Include="Chapter04\LinkedBag\LinkedBag.h">
      <Filter>Header Files</Filter>
    </ClInclude>
    <ClInclude Include="Chapter04\LinkedBag\Node.h">
      <Filter>Header Files</Filter>
    </ClInclude>
    <ClInclude Include="Chapter05\Board.h">
      <Filter>Header Files</Filter>
    </ClInclude>
    <ClInclude Include="Chapter05\Queen.h">
      <Filter>Header Files</Filter>
    </ClInclude>
    <ClInclude Include="Chapter06\StackInterface.h">
      <Filter>Header Files</Filter>
    </ClInclude>
    <ClInclude Include="Chapter07\ArrayStackNoExceptions\ArrayStack.h">
      <Filter>Header Files</Filter>
    </ClInclude>
    <ClInclude Include="Chapter07\ArrayStackNoExceptions\StackInterface.h">
      <Filter>Header Files</Filter>
    </ClInclude>
    <ClInclude Include="Chapter07\LinkedStackNoExceptions\LinkedStack.h">
      <Filter>Header Files</Filter>
    </ClInclude>
    <ClInclude Include="Chapter07\LinkedStackNoExceptions\StackInterface.h">
      <Filter>Header Files</Filter>
    </ClInclude>
    <ClInclude Include="Chapter08\ListInterface.h">
      <Filter>Header Files</Filter>
    </ClInclude>
    <ClInclude Include="Chapter09\ArrayList\ArrayList.h">
      <Filter>Header Files</Filter>
    </ClInclude>
    <ClInclude Include="Chapter09\LinkedListRecursive\LinkedList.h">
      <Filter>Header Files</Filter>
    </ClInclude>
    <ClInclude Include="Chapter09\PrecondViolatedExcep.h">
      <Filter>Header Files</Filter>
    </ClInclude>
    <ClInclude Include="Chapter12\LinkedSortedList\LinkedSortedList.h">
      <Filter>Header Files</Filter>
    </ClInclude>
    <ClInclude Include="Chapter12\SortedListAsA\SortedListAsA.h">
      <Filter>Header Files</Filter>
    </ClInclude>
    <ClInclude Include="Chapter12\SortedListHasA\SortedListHasA.h">
      <Filter>Header Files</Filter>
    </ClInclude>
    <ClInclude Include="Chapter12\SortedListInterface.h">
      <Filter>Header Files</Filter>
    </ClInclude>
    <ClInclude Include="Chapter12\SortedListIsA\SortedListIsA.h">
      <Filter>Header Files</Filter>
    </ClInclude>
    <ClInclude Include="Chapter13\QueueInterface.h">
      <Filter>Header Files</Filter>
    </ClInclude>
    <ClInclude Include="Chapter14\PriorityQueue\SL_PriorityQueue.h">
      <Filter>Header Files</Filter>
    </ClInclude>
    <ClInclude Include="Chapter14\Queue\ArrayQueue\ArrayQueue.h">
      <Filter>Header Files</Filter>
    </ClInclude>
    <ClInclude Include="Chapter14\Queue\LinkedQueue\LinkedQueue.h">
      <Filter>Header Files</Filter>
    </ClInclude>
    <ClInclude Include="Chapter14\Queue\ListQueue\ListQueue.h">
      <Filter>Header Files</Filter>
    </ClInclude>
    <ClInclude Include="Chapter14\Queue\QueueInterface.h">
      <Filter>Header Files</Filter>
    </ClInclude>
    <ClInclude Include="Chapter15\BinaryTreeInterface.h">
      <Filter>Header Files</Filter>
    </ClInclude>
    <ClInclude Include="Chapter16\BinaryNode.h">
      <Filter>Header Files</Filter>
    </ClInclude>
    <ClInclude Include="Chapter16\BinaryNodeTree.h">
      <Filter>Header Files</Filter>
    </ClInclude>
    <ClInclude Include="Chapter16\BinarySearchTree.h">
      <Filter>Header Files</Filter>
    </ClInclude>
    <ClInclude Include="Chapter16\TreeNode.h">
      <Filter>Header Files</Filter>
    </ClInclude>
    <ClInclude Include="Chapter17\ArrayMaxHeap.h">
      <Filter>Header Files</Filter>
    </ClInclude>
    <ClInclude Include="Chapter17\HeapInterface.h">
      <Filter>Header Files</Filter>
    </ClInclude>
    <ClInclude Include="Chapter17\Heap_PriorityQueue.h">
      <Filter>Header Files</Filter>
    </ClInclude>
    <ClInclude Include="Chapter18\ArrayDictionary.h">
      <Filter>Header Files</Filter>
    </ClInclude>
    <ClInclude Include="Chapter18\DictionaryInterface.h">
      <Filter>Header Files</Filter>
    </ClInclude>
    <ClInclude Include="Chapter18\Entry.h">
      <Filter>Header Files</Filter>
    </ClInclude>
    <ClInclude Include="Chapter18\HashedEntry.h">
      <Filter>Header Files</Filter>
    </ClInclude>
    <ClInclude Include="Chapter18\TreeDictionary.h">
      <Filter>Header Files</Filter>
    </ClInclude>
    <ClInclude Include="Chapter19\QuadNode.h">
      <Filter>Header Files</Filter>
    </ClInclude>
    <ClInclude Include="Chapter19\RedBlackNode.h">
      <Filter>Header Files</Filter>
    </ClInclude>
    <ClInclude Include="Chapter19\TriNode.h">
      <Filter>Header Files</Filter>
    </ClInclude>
    <ClInclude Include="Chapter20\GraphInterface.h">
      <Filter>Header Files</Filter>
    </ClInclude>
    <ClInclude Include="Interlude01\ListingC1-05\ToyBox.h">
      <Filter>Header Files</Filter>
    </ClInclude>
    <ClInclude Include="Interlude01\ListingC1-07\MagicBox.h">
      <Filter>Header Files</Filter>
    </ClInclude>
    <ClInclude Include="Interlude01\ListingC1-09\BoxInterface.h">
      <Filter>Header Files</Filter>
    </ClInclude>
    <ClInclude Include="Interlude01\ListingC1_01\PlainBox.h">
      <Filter>Header Files</Filter>
    </ClInclude>
    <ClInclude Include="Interlude01\ListingC1_03\PlainBox.h">
      <Filter>Header Files</Filter>
    </ClInclude>
    <ClInclude Include="Interlude02\GoodMemory.h">
      <Filter>Header Files</Filter>
    </ClInclude>
    <ClInclude Include="Interlude02\SectionC2_2\MagicBox.h">
      <Filter>Header Files</Filter>
    </ClInclude>
    <ClInclude Include="Interlude02\SectionC2_2\PlainBox.h">
      <Filter>Header Files</Filter>
    </ClInclude>
    <ClInclude Include="Interlude02\SectionC2_4_VirtualMethods\MagicBox.h">
      <Filter>Header Files</Filter>
    </ClInclude>
    <ClInclude Include="Interlude02\SectionC2_4_VirtualMethods\PlainBox.h">
      <Filter>Header Files</Filter>
    </ClInclude>
    <ClInclude Include="Interlude04\SectionC4.1\MagicBox.h">
      <Filter>Header Files</Filter>
    </ClInclude>
    <ClInclude Include="Interlude04\SectionC4.1\PlainBox.h">
      <Filter>Header Files</Filter>
    </ClInclude>
    <ClInclude Include="Interlude04\SectionC4.1.3_IsA\MagicBox.h">
      <Filter>Header Files</Filter>
    </ClInclude>
    <ClInclude Include="Interlude04\SectionC4.1.3_IsA\PlainBox.h">
      <Filter>Header Files</Filter>
    </ClInclude>
    <ClInclude Include="Interlude04\SectionC4.3\BoxInterface.h">
      <Filter>Header Files</Filter>
    </ClInclude>
    <ClInclude Include="Interlude05\ListNode.h">
      <Filter>Header Files</Filter>
    </ClInclude>
    <ClInclude Include="Interlude06\LinkedIterator.h">
      <Filter>Header Files</Filter>
    </ClInclude>
  </ItemGroup>
  <ItemGroup>
    <ClCompile Include="Chapter01\Listing01_02.cpp">
      <Filter>Source Files</Filter>
    </ClCompile>
    <ClCompile Include="Chapter02\binarySearch.cpp">
      <Filter>Source Files</Filter>
    </ClCompile>
    <ClCompile Include="Chapter02\Exercise01.cpp">
      <Filter>Source Files</Filter>
    </ClCompile>
    <ClCompile Include="Chapter02\Exercise11.cpp">
      <Filter>Source Files</Filter>
    </ClCompile>
    <ClCompile Include="Chapter02\Exercise12.cpp">
      <Filter>Source Files</Filter>
    </ClCompile>
    <ClCompile Include="Chapter02\Exercise13.cpp">
      <Filter>Source Files</Filter>
    </ClCompile>
    <ClCompile Include="Chapter02\Exercise14.cpp">
      <Filter>Source Files</Filter>
    </ClCompile>
    <ClCompile Include="Chapter02\Exercise15.cpp">
      <Filter>Source Files</Filter>
    </ClCompile>
    <ClCompile Include="Chapter02\Exercise23.cpp">
      <Filter>Source Files</Filter>
    </ClCompile>
    <ClCompile Include="Chapter02\fact.cpp">
      <Filter>Source Files</Filter>
    </ClCompile>
    <ClCompile Include="Chapter02\getNumberOfGroups.cpp">
      <Filter>Source Files</Filter>
    </ClCompile>
    <ClCompile Include="Chapter02\iterativeRabbit.cpp">
      <Filter>Source Files</Filter>
    </ClCompile>
    <ClCompile Include="Chapter02\Question01.cpp">
      <Filter>Source Files</Filter>
    </ClCompile>
    <ClCompile Include="Chapter02\rabbit.cpp">
      <Filter>Source Files</Filter>
    </ClCompile>
    <ClCompile Include="Chapter02\solveTowers.cpp">
      <Filter>Source Files</Filter>
    </ClCompile>
    <ClCompile Include="Chapter02\writeArrayBackward.cpp">
      <Filter>Source Files</Filter>
    </ClCompile>
    <ClCompile Include="Chapter02\writeBackward.cpp">
      <Filter>Source Files</Filter>
    </ClCompile>
    <ClCompile Include="Chapter02\writeBackwardIterative.cpp">
      <Filter>Source Files</Filter>
    </ClCompile>
    <ClCompile Include="Chapter03\ArrayBag\ArrayBag.cpp">
      <Filter>Source Files</Filter>
    </ClCompile>
    <ClCompile Include="Chapter03\ArrayBagRecursive\ArrayBag.cpp">
      <Filter>Source Files</Filter>
    </ClCompile>
    <ClCompile Include="Chapter03\Listing03_02 core methods test\main.cpp">
      <Filter>Source Files</Filter>
    </ClCompile>
    <ClCompile Include="Chapter03\Section3.2.6.Testing\main.cpp">
      <Filter>Source Files</Filter>
    </ClCompile>
    <ClCompile Include="Chapter04\LinkedBag\LinkedBag.cpp">
      <Filter>Source Files</Filter>
    </ClCompile>
    <ClCompile Include="Chapter04\LinkedBag\Node.cpp">
      <Filter>Source Files</Filter>
    </ClCompile>
    <ClCompile Include="Chapter04\LinkedBagRecursive\LinkedBagExcerpts.cpp">
      <Filter>Source Files</Filter>
    </ClCompile>
    <ClCompile Include="Chapter04\Listing4_4\main.cpp">
      <Filter>Source Files</Filter>
    </ClCompile>
    <ClCompile Include="Chapter05\isPath.cpp">
      <Filter>Source Files</Filter>
    </ClCompile>
    <ClCompile Include="Chapter05\placeQueens.cpp">
      <Filter>Source Files</Filter>
    </ClCompile>
    <ClCompile Include="Chapter06\isPath.cpp">
      <Filter>Source Files</Filter>
    </ClCompile>
    <ClCompile Include="Chapter07\ArrayStackNoExceptions\ArrayStack.cpp">
      <Filter>Source Files</Filter>
    </ClCompile>
    <ClCompile Include="Chapter07\LinkedStackNoExceptions\LinkedStack.cpp">
      <Filter>Source Files</Filter>
    </ClCompile>
    <ClCompile Include="Chapter07\LinkedStackNoExceptions\Node.cpp">
      <Filter>Source Files</Filter>
    </ClCompile>
    <ClCompile Include="Chapter07\PreconditionViolatedException\PrecondViolatedExcep.cpp">
      <Filter>Source Files</Filter>
    </ClCompile>
    <ClCompile Include="Chapter09\ArrayList\aClient.cpp">
      <Filter>Source Files</Filter>
    </ClCompile>
    <ClCompile Include="Chapter09\ArrayList\ArrayList.cpp">
      <Filter>Source Files</Filter>
    </ClCompile>
    <ClCompile Include="Chapter09\LinkedList\LinkedList.cpp">
      <Filter>Source Files</Filter>
    </ClCompile>
    <ClCompile Include="Chapter09\LinkedListRecursive\LinkedList.cpp">
      <Filter>Source Files</Filter>
    </ClCompile>
    <ClCompile Include="Chapter09\PrecondViolatedExcep.cpp">
      <Filter>Source Files</Filter>
    </ClCompile>
    <ClCompile Include="Chapter11\bubbleSort.cpp">
      <Filter>Source Files</Filter>
    </ClCompile>
    <ClCompile Include="Chapter11\insertionSort.cpp">
      <Filter>Source Files</Filter>
    </ClCompile>
    <ClCompile Include="Chapter11\mergesort.cpp">
      <Filter>Source Files</Filter>
    </ClCompile>
    <ClCompile Include="Chapter11\quicksort.cpp">
      <Filter>Source Files</Filter>
    </ClCompile>
    <ClCompile Include="Chapter11\selectionSort.cpp">
      <Filter>Source Files</Filter>
    </ClCompile>
    <ClCompile Include="Chapter11\shellSort.cpp">
      <Filter>Source Files</Filter>
    </ClCompile>
    <ClCompile Include="Chapter12\LinkedSortedList\LinkedSortedList.cpp">
      <Filter>Source Files</Filter>
    </ClCompile>
    <ClCompile Include="Chapter12\SortedListHasA\SortedListHasA.cpp">
      <Filter>Source Files</Filter>
    </ClCompile>
    <ClCompile Include="Chapter12\SortedListIsA\SortedListIsA.cpp">
      <Filter>Source Files</Filter>
    </ClCompile>
    <ClCompile Include="Chapter14\PriorityQueue\SL_PriorityQueue.cpp">
      <Filter>Source Files</Filter>
    </ClCompile>
    <ClCompile Include="Chapter14\Queue\ArrayQueue\ArrayQueue.cpp">
      <Filter>Source Files</Filter>
    </ClCompile>
    <ClCompile Include="Chapter14\Queue\LinkedQueue\LinkedQueue.cpp">
      <Filter>Source Files</Filter>
    </ClCompile>
    <ClCompile Include="Chapter14\Queue\ListQueue\ListQueue.cpp">
      <Filter>Source Files</Filter>
    </ClCompile>
    <ClCompile Include="Chapter16\BinaryNodeTree.cpp">
      <Filter>Source Files</Filter>
    </ClCompile>
    <ClCompile Include="Chapter17\ArrayMaxHeap.cpp">
      <Filter>Source Files</Filter>
    </ClCompile>
    <ClCompile Include="Chapter17\Heap_PriorityQueue.cpp">
      <Filter>Source Files</Filter>
    </ClCompile>
    <ClCompile Include="Chapter18\ArrayDictionary.cpp">
      <Filter>Source Files</Filter>
    </ClCompile>
    <ClCompile Include="Chapter18\Entry.cpp">
      <Filter>Source Files</Filter>
    </ClCompile>
    <ClCompile Include="Chapter18\HashedDictionary.cpp">
      <Filter>Source Files</Filter>
    </ClCompile>
    <ClCompile Include="Chapter18\TreeDictionary.cpp">
      <Filter>Source Files</Filter>
    </ClCompile>
    <ClCompile Include="Interlude01\ListingC1-04\PlainBox.cpp">
      <Filter>Source Files</Filter>
    </ClCompile>
    <ClCompile Include="Interlude01\ListingC1-06\ToyBox.cpp">
      <Filter>Source Files</Filter>
    </ClCompile>
    <ClCompile Include="Interlude01\ListingC1-08\MagicBox.cpp">
      <Filter>Source Files</Filter>
    </ClCompile>
    <ClCompile Include="Interlude01\ListingC1_02\PlainBox.cpp">
      <Filter>Source Files</Filter>
    </ClCompile>
    <ClCompile Include="Interlude02\addResizableAdd.cpp">
      <Filter>Source Files</Filter>
    </ClCompile>
    <ClCompile Include="Interlude02\goodFunction.cpp">
      <Filter>Source Files</Filter>
    </ClCompile>
    <ClCompile Include="Interlude02\GoodMemory.cpp">
      <Filter>Source Files</Filter>
    </ClCompile>
    <ClCompile Include="Interlude02\myLeakyFunction.cpp">
      <Filter>Source Files</Filter>
    </ClCompile>
    <ClCompile Include="Interlude02\SectionC2.5.1_ResizableBag\add.cpp">
      <Filter>Source Files</Filter>
    </ClCompile>
    <ClCompile Include="Interlude02\SectionC2_2\MagicBox.cpp">
      <Filter>Source Files</Filter>
    </ClCompile>
    <ClCompile Include="Interlude02\SectionC2_2\main.cpp">
      <Filter>Source Files</Filter>
    </ClCompile>
    <ClCompile Include="Interlude02\SectionC2_2\PlainBox.cpp">
      <Filter>Source Files</Filter>
    </ClCompile>
    <ClCompile Include="Interlude02\SectionC2_4_VirtualMethods\MagicBox.cpp">
      <Filter>Source Files</Filter>
    </ClCompile>
    <ClCompile Include="Interlude02\SectionC2_4_VirtualMethods\main.cpp">
      <Filter>Source Files</Filter>
    </ClCompile>
    <ClCompile Include="Interlude02\SectionC2_4_VirtualMethods\PlainBox.cpp">
      <Filter>Source Files</Filter>
    </ClCompile>
    <ClCompile Include="Interlude03\ListingC3_1\findBox.cpp">
      <Filter>Source Files</Filter>
    </ClCompile>
    <ClCompile Include="Interlude03\ListingC3_2\findBox.cpp">
      <Filter>Source Files</Filter>
    </ClCompile>
    <ClCompile Include="Interlude03\ListingC3_3\findBox.cpp">
      <Filter>Source Files</Filter>
    </ClCompile>
    <ClCompile Include="Interlude03\ListingC3_4\main.cpp">
      <Filter>Source Files</Filter>
    </ClCompile>
    <ClCompile Include="Interlude04\SectionC4.1\MagicBox_setItem.cpp">
      <Filter>Source Files</Filter>
    </ClCompile>
    <ClCompile Include="Interlude04\SectionC4.1.1_Protected\MagicBox.cpp">
      <Filter>Source Files</Filter>
    </ClCompile>
    <ClCompile Include="Interlude04\SectionC4.1.3_IsA\MagicBox.cpp">
      <Filter>Source Files</Filter>
    </ClCompile>
    <ClCompile Include="Interlude04\SectionC4.1.3_IsA\main.cpp">
      <Filter>Source Files</Filter>
    </ClCompile>
    <ClCompile Include="Interlude04\SectionC4.1.3_IsA\PlainBox.cpp">
      <Filter>Source Files</Filter>
    </ClCompile>
    <ClCompile Include="Interlude05\OverloadedAssignment.cpp">
      <Filter>Source Files</Filter>
    </ClCompile>
    <ClCompile Include="Interlude05\OverloadedEquality.cpp">
      <Filter>Source Files</Filter>
    </ClCompile>
    <ClCompile Include="Interlude05\OverloadedOutputStream.cpp">
      <Filter>Source Files</Filter>
    </ClCompile>
    <ClCompile Include="Interlude06\LinkedIterator.cpp">
      <Filter>Source Files</Filter>
    </ClCompile>
  </ItemGroup>
</Project>