
Microsoft Visual Studio Solution File, Format Version 12.00
# Visual Studio Version 17
VisualStudioVersion = 17.5.33424.131
MinimumVisualStudioVersion = 10.0.40219.1
Project("{8BC9CEB8-8B4A-11D0-8D11-00A0C91BC942}") = "Data Abstraction, Assignment 1.1", "Module 1, Assignment 1.1\Module 1, Assignment 1.1.vcxproj", "{57330330-C9F1-46AC-881E-CA7ECD9C37AC}"
EndProject
Project("{8BC9CEB8-8B4A-11D0-8D11-00A0C91BC942}") = "Data Abstraction, Examples", "Module 1, Examples\Module 1, Examples.vcxproj", "{1A52CC32-A02D-4E3F-8614-07D989CCD890}"
EndProject
Project("{8BC9CEB8-8B4A-11D0-8D11-00A0C91BC942}") = "Data Abstraction, Assignment 1.2", "Module 1, Assignment 1.2\Module 1, Assignment 1.2.vcxproj", "{DA31D643-FAB3-4793-9931-99A4A18D5CC0}"
EndProject
Project("{8BC9CEB8-8B4A-11D0-8D11-00A0C91BC942}") = "Course Source Code", "Course Source Code\Course Source Code.vcxproj", "{852A4AE1-E533-4CAF-AFC0-E8F947BA3A06}"
EndProject
Project("{8BC9CEB8-8B4A-11D0-8D11-00A0C91BC942}") = "Recursion, Assignment 2.1", "Module 2, Assignment 2.1-Test\Module 2, Assignment 2.1-Test.vcxproj", "{0BC0851F-F2AE-4931-A9C4-696AA9A8E43C}"
EndProject
Project("{8BC9CEB8-8B4A-11D0-8D11-00A0C91BC942}") = "Recursion, Assignment 2.2", "Module 2, Assignment 2.2\Module 2, Assignment 2.2.vcxproj", "{97A4237E-2A8D-40C6-81AC-0ED80A306DA1}"
EndProject
Project("{8BC9CEB8-8B4A-11D0-8D11-00A0C91BC942}") = "Recursion, Assignment 2.3", "Recursion, Assignment 2.3\Recursion, Assignment 2.3.vcxproj", "{F9695712-73E0-4670-87DF-3EAC167E7F3B}"
EndProject
Project("{8BC9CEB8-8B4A-11D0-8D11-00A0C91BC942}") = "Data Abstraction, Assignment 1.1 V2", "Module 1, Assignment 1.1-V2\Module 1, Assignment 1.1-V2.vcxproj", "{BD6CD027-4A32-462A-AB81-D664D8BD2E81}"
EndProject
Project("{8BC9CEB8-8B4A-11D0-8D11-00A0C91BC942}") = "Recursion, Assignment 2.4", "Recursion, Assignment 2.4\Recursion, Assignment 2.4.vcxproj", "{F8A648BA-F714-4678-AF49-08942B430211}"
EndProject
Project("{8BC9CEB8-8B4A-11D0-8D11-00A0C91BC942}") = "Data Abstraction, Assignment 1.1 V3", "Module 1, Assignment 1.2 V3\Module 1, Assignment 1.2 V3.vcxproj", "{F459BFFC-48A1-4C5C-95B1-E2836A19D676}"
EndProject
Project("{8BC9CEB8-8B4A-11D0-8D11-00A0C91BC942}") = "Data Abstraction, Assignment 1.2 V2", "Module 1, Assignment 1.2 V2\Module 1, Assignment 1.2 V2.vcxproj", "{DB5F0465-4946-4DCD-AB74-95AF26E77556}"
EndProject
Project("{8BC9CEB8-8B4A-11D0-8D11-00A0C91BC942}") = "Array Based ADT Bags, Activity 3.1", "Module 3, Activity 3.1\Module 3, Activity 3.1.vcxproj", "{AB088789-83CA-402B-9B4F-336B75296ACA}"
EndProject
Project("{8BC9CEB8-8B4A-11D0-8D11-00A0C91BC942}") = "Array Based ADT Bags, Assignment 3.1", "Module 3, Assignment 3.1\Module 3, Assignment 3.1.vcxproj", "{04964E2E-14DF-452E-B853-8BE5FFF12493}"
EndProject
Project("{8BC9CEB8-8B4A-11D0-8D11-00A0C91BC942}") = "LinkedLists, Assignment 4.1", "LinkedLists, Assignment 4.1\LinkedLists, Assignment 4.1.vcxproj", "{2E0EB71A-3DF2-46D2-B3A5-2C1A96FFD643}"
EndProject
Project("{8BC9CEB8-8B4A-11D0-8D11-00A0C91BC942}") = "LinkedLists, Assignment 4.2", "LinkedLists, Assignment 4.2\LinkedLists, Assignment 4.2.vcxproj", "{D9865732-E2EA-4A1A-87A4-8B2BCEC505CB}"
EndProject
Project("{8BC9CEB8-8B4A-11D0-8D11-00A0C91BC942}") = "Array Based ADT Bags, Assignment 3.1 V2", "Module 3, Assignment 3.1 V2\Module 3, Assignment 3.1 V2.vcxproj", "{6E8E1584-603E-4D68-98DB-FF13E2C2BB87}"
EndProject
Project("{8BC9CEB8-8B4A-11D0-8D11-00A0C91BC942}") = "LinkedLists, Assignment 4.2 V2", "LinkedLists, Assignment 4.2 V2\LinkedLists, Assignment 4.2 V2.vcxproj", "{28220E74-680B-4704-BB6D-B1E22F410756}"
EndProject
Project("{8BC9CEB8-8B4A-11D0-8D11-00A0C91BC942}") = "Stacks, Assignment 5.1", "Stacks, Assignment 5.1\Stacks, Assignment 5.1.vcxproj", "{370238D9-2082-4383-B072-B0A38C9E03EF}"
EndProject
Project("{8BC9CEB8-8B4A-11D0-8D11-00A0C91BC942}") = "Stacks, Assignment 5.2", "Stacks, Assignment 5.2\Stacks, Assignment 5.2.vcxproj", "{104648E3-C18B-422C-B045-49D6B78D7DB6}"
EndProject
Project("{8BC9CEB8-8B4A-11D0-8D11-00A0C91BC942}") = "Lists, Activity 6.1", "Lists, Activity 6.1\Lists, Activity 6.1.vcxproj", "{B12641D7-52DB-4AB0-B98E-C1C639B5E244}"
EndProject
Project("{8BC9CEB8-8B4A-11D0-8D11-00A0C91BC942}") = "LinkedLists, Assignment 4.2 V3", "LinkedLists, Assignment 4.2 V3\LinkedLists, Assignment 4.2 V3.vcxproj", "{5BE37AEA-9021-481E-BF67-99A6E32D1017}"
EndProject
Project("{8BC9CEB8-8B4A-11D0-8D11-00A0C91BC942}") = "Module 3, Assignment 3.1 V3", "Module 3, Assignment 3.1 V3\Module 3, Assignment 3.1 V3.vcxproj", "{57972A20-B00B-48B9-8D1D-20A278005156}"
EndProject
Project("{8BC9CEB8-8B4A-11D0-8D11-00A0C91BC942}") = "Lists, Assignment 6.1", "Lists, Assignment 6.1\Lists, Assignment 6.1.vcxproj", "{86877CFA-CE1B-4EB1-AAC8-0C273CCDB09E}"
EndProject
Project("{8BC9CEB8-8B4A-11D0-8D11-00A0C91BC942}") = "CircularList, Assignment 6.2", "CircularList, Assignment 6.2\CircularList, Assignment 6.2.vcxproj", "{9F324DAD-B169-4463-BE76-50520CA6D369}"
EndProject
Project("{8BC9CEB8-8B4A-11D0-8D11-00A0C91BC942}") = "LinkedLists, Assignment 4.2 V4", "LinkedLists, Assignment 4.2 V4\LinkedLists, Assignment 4.2 V4.vcxproj", "{8F077B15-12A8-4D71-8721-7023A29574E8}"
EndProject
Project("{8BC9CEB8-8B4A-11D0-8D11-00A0C91BC942}") = "ADT SortedList, Assessment 7.1", "ADT SortedList, Assessment 7.1\ADT SortedList, Assessment 7.1.vcxproj", "{B424BE89-2D7F-4526-A02D-4C2389140907}"
EndProject
Project("{8BC9CEB8-8B4A-11D0-8D11-00A0C91BC942}") = "ADTSortedLists, Assignment 7.1", "ADTSortedLists, Assignment 7.1\ADTSortedLists, Assignment 7.1.vcxproj", "{8FF2575D-E463-4817-B1F5-5FA94775E568}"
EndProject
Project("{8BC9CEB8-8B4A-11D0-8D11-00A0C91BC942}") = "Queue, Assignment 8.1", "Queue, Assignment 8.1\Queue, Assignment 8.1.vcxproj", "{43D8F0AB-3CD7-4938-8784-2900D2004A40}"
EndProject
Project("{8BC9CEB8-8B4A-11D0-8D11-00A0C91BC942}") = "Queue, Assignment 8.2", "Queue, Assignment 8.2\Queue, Assignment 8.2.vcxproj", "{6BCADBE4-3AAF-4AEB-95CF-EDB078100943}"
EndProject
Project("{8BC9CEB8-8B4A-11D0-8D11-00A0C91BC942}") = "Priority Queue, Assignment 8.3", "Priority Queue, Assignment 8.3\Priority Queue, Assignment 8.3.vcxproj", "{70F4211D-2911-4794-B989-9724E898D6D2}"
EndProject
Global
	GlobalSection(SolutionConfigurationPlatforms) = preSolution
		Debug|x64 = Debug|x64
		Debug|x86 = Debug|x86
		Release|x64 = Release|x64
		Release|x86 = Release|x86
	EndGlobalSection
	GlobalSection(ProjectConfigurationPlatforms) = postSolution
		{57330330-C9F1-46AC-881E-CA7ECD9C37AC}.Debug|x64.ActiveCfg = Debug|x64
		{57330330-C9F1-46AC-881E-CA7ECD9C37AC}.Debug|x64.Build.0 = Debug|x64
		{57330330-C9F1-46AC-881E-CA7ECD9C37AC}.Debug|x86.ActiveCfg = Debug|Win32
		{57330330-C9F1-46AC-881E-CA7ECD9C37AC}.Debug|x86.Build.0 = Debug|Win32
		{57330330-C9F1-46AC-881E-CA7ECD9C37AC}.Release|x64.ActiveCfg = Release|x64
		{57330330-C9F1-46AC-881E-CA7ECD9C37AC}.Release|x64.Build.0 = Release|x64
		{57330330-C9F1-46AC-881E-CA7ECD9C37AC}.Release|x86.ActiveCfg = Release|Win32
		{57330330-C9F1-46AC-881E-CA7ECD9C37AC}.Release|x86.Build.0 = Release|Win32
		{1A52CC32-A02D-4E3F-8614-07D989CCD890}.Debug|x64.ActiveCfg = Debug|x64
		{1A52CC32-A02D-4E3F-8614-07D989CCD890}.Debug|x64.Build.0 = Debug|x64
		{1A52CC32-A02D-4E3F-8614-07D989CCD890}.Debug|x86.ActiveCfg = Debug|Win32
		{1A52CC32-A02D-4E3F-8614-07D989CCD890}.Debug|x86.Build.0 = Debug|Win32
		{1A52CC32-A02D-4E3F-8614-07D989CCD890}.Release|x64.ActiveCfg = Release|x64
		{1A52CC32-A02D-4E3F-8614-07D989CCD890}.Release|x64.Build.0 = Release|x64
		{1A52CC32-A02D-4E3F-8614-07D989CCD890}.Release|x86.ActiveCfg = Release|Win32
		{1A52CC32-A02D-4E3F-8614-07D989CCD890}.Release|x86.Build.0 = Release|Win32
		{DA31D643-FAB3-4793-9931-99A4A18D5CC0}.Debug|x64.ActiveCfg = Debug|x64
		{DA31D643-FAB3-4793-9931-99A4A18D5CC0}.Debug|x64.Build.0 = Debug|x64
		{DA31D643-FAB3-4793-9931-99A4A18D5CC0}.Debug|x86.ActiveCfg = Debug|Win32
		{DA31D643-FAB3-4793-9931-99A4A18D5CC0}.Debug|x86.Build.0 = Debug|Win32
		{DA31D643-FAB3-4793-9931-99A4A18D5CC0}.Release|x64.ActiveCfg = Release|x64
		{DA31D643-FAB3-4793-9931-99A4A18D5CC0}.Release|x64.Build.0 = Release|x64
		{DA31D643-FAB3-4793-9931-99A4A18D5CC0}.Release|x86.ActiveCfg = Release|Win32
		{DA31D643-FAB3-4793-9931-99A4A18D5CC0}.Release|x86.Build.0 = Release|Win32
		{852A4AE1-E533-4CAF-AFC0-E8F947BA3A06}.Debug|x64.ActiveCfg = Debug|x64
		{852A4AE1-E533-4CAF-AFC0-E8F947BA3A06}.Debug|x64.Build.0 = Debug|x64
		{852A4AE1-E533-4CAF-AFC0-E8F947BA3A06}.Debug|x86.ActiveCfg = Debug|Win32
		{852A4AE1-E533-4CAF-AFC0-E8F947BA3A06}.Debug|x86.Build.0 = Debug|Win32
		{852A4AE1-E533-4CAF-AFC0-E8F947BA3A06}.Release|x64.ActiveCfg = Release|x64
		{852A4AE1-E533-4CAF-AFC0-E8F947BA3A06}.Release|x64.Build.0 = Release|x64
		{852A4AE1-E533-4CAF-AFC0-E8F947BA3A06}.Release|x86.ActiveCfg = Release|Win32
		{852A4AE1-E533-4CAF-AFC0-E8F947BA3A06}.Release|x86.Build.0 = Release|Win32
		{0BC0851F-F2AE-4931-A9C4-696AA9A8E43C}.Debug|x64.ActiveCfg = Debug|x64
		{0BC0851F-F2AE-4931-A9C4-696AA9A8E43C}.Debug|x64.Build.0 = Debug|x64
		{0BC0851F-F2AE-4931-A9C4-696AA9A8E43C}.Debug|x86.ActiveCfg = Debug|Win32
		{0BC0851F-F2AE-4931-A9C4-696AA9A8E43C}.Debug|x86.Build.0 = Debug|Win32
		{0BC0851F-F2AE-4931-A9C4-696AA9A8E43C}.Release|x64.ActiveCfg = Release|x64
		{0BC0851F-F2AE-4931-A9C4-696AA9A8E43C}.Release|x64.Build.0 = Release|x64
		{0BC0851F-F2AE-4931-A9C4-696AA9A8E43C}.Release|x86.ActiveCfg = Release|Win32
		{0BC0851F-F2AE-4931-A9C4-696AA9A8E43C}.Release|x86.Build.0 = Release|Win32
		{97A4237E-2A8D-40C6-81AC-0ED80A306DA1}.Debug|x64.ActiveCfg = Debug|x64
		{97A4237E-2A8D-40C6-81AC-0ED80A306DA1}.Debug|x64.Build.0 = Debug|x64
		{97A4237E-2A8D-40C6-81AC-0ED80A306DA1}.Debug|x86.ActiveCfg = Debug|Win32
		{97A4237E-2A8D-40C6-81AC-0ED80A306DA1}.Debug|x86.Build.0 = Debug|Win32
		{97A4237E-2A8D-40C6-81AC-0ED80A306DA1}.Release|x64.ActiveCfg = Release|x64
		{97A4237E-2A8D-40C6-81AC-0ED80A306DA1}.Release|x64.Build.0 = Release|x64
		{97A4237E-2A8D-40C6-81AC-0ED80A306DA1}.Release|x86.ActiveCfg = Release|Win32
		{97A4237E-2A8D-40C6-81AC-0ED80A306DA1}.Release|x86.Build.0 = Release|Win32
		{F9695712-73E0-4670-87DF-3EAC167E7F3B}.Debug|x64.ActiveCfg = Debug|x64
		{F9695712-73E0-4670-87DF-3EAC167E7F3B}.Debug|x64.Build.0 = Debug|x64
		{F9695712-73E0-4670-87DF-3EAC167E7F3B}.Debug|x86.ActiveCfg = Debug|Win32
		{F9695712-73E0-4670-87DF-3EAC167E7F3B}.Debug|x86.Build.0 = Debug|Win32
		{F9695712-73E0-4670-87DF-3EAC167E7F3B}.Release|x64.ActiveCfg = Release|x64
		{F9695712-73E0-4670-87DF-3EAC167E7F3B}.Release|x64.Build.0 = Release|x64
		{F9695712-73E0-4670-87DF-3EAC167E7F3B}.Release|x86.ActiveCfg = Release|Win32
		{F9695712-73E0-4670-87DF-3EAC167E7F3B}.Release|x86.Build.0 = Release|Win32
		{BD6CD027-4A32-462A-AB81-D664D8BD2E81}.Debug|x64.ActiveCfg = Debug|x64
		{BD6CD027-4A32-462A-AB81-D664D8BD2E81}.Debug|x64.Build.0 = Debug|x64
		{BD6CD027-4A32-462A-AB81-D664D8BD2E81}.Debug|x86.ActiveCfg = Debug|Win32
		{BD6CD027-4A32-462A-AB81-D664D8BD2E81}.Debug|x86.Build.0 = Debug|Win32
		{BD6CD027-4A32-462A-AB81-D664D8BD2E81}.Release|x64.ActiveCfg = Release|x64
		{BD6CD027-4A32-462A-AB81-D664D8BD2E81}.Release|x64.Build.0 = Release|x64
		{BD6CD027-4A32-462A-AB81-D664D8BD2E81}.Release|x86.ActiveCfg = Release|Win32
		{BD6CD027-4A32-462A-AB81-D664D8BD2E81}.Release|x86.Build.0 = Release|Win32
		{F8A648BA-F714-4678-AF49-08942B430211}.Debug|x64.ActiveCfg = Debug|x64
		{F8A648BA-F714-4678-AF49-08942B430211}.Debug|x64.Build.0 = Debug|x64
		{F8A648BA-F714-4678-AF49-08942B430211}.Debug|x86.ActiveCfg = Debug|Win32
		{F8A648BA-F714-4678-AF49-08942B430211}.Debug|x86.Build.0 = Debug|Win32
		{F8A648BA-F714-4678-AF49-08942B430211}.Release|x64.ActiveCfg = Release|x64
		{F8A648BA-F714-4678-AF49-08942B430211}.Release|x64.Build.0 = Release|x64
		{F8A648BA-F714-4678-AF49-08942B430211}.Release|x86.ActiveCfg = Release|Win32
		{F8A648BA-F714-4678-AF49-08942B430211}.Release|x86.Build.0 = Release|Win32
		{F459BFFC-48A1-4C5C-95B1-E2836A19D676}.Debug|x64.ActiveCfg = Debug|x64
		{F459BFFC-48A1-4C5C-95B1-E2836A19D676}.Debug|x64.Build.0 = Debug|x64
		{F459BFFC-48A1-4C5C-95B1-E2836A19D676}.Debug|x86.ActiveCfg = Debug|Win32
		{F459BFFC-48A1-4C5C-95B1-E2836A19D676}.Debug|x86.Build.0 = Debug|Win32
		{F459BFFC-48A1-4C5C-95B1-E2836A19D676}.Release|x64.ActiveCfg = Release|x64
		{F459BFFC-48A1-4C5C-95B1-E2836A19D676}.Release|x64.Build.0 = Release|x64
		{F459BFFC-48A1-4C5C-95B1-E2836A19D676}.Release|x86.ActiveCfg = Release|Win32
		{F459BFFC-48A1-4C5C-95B1-E2836A19D676}.Release|x86.Build.0 = Release|Win32
		{DB5F0465-4946-4DCD-AB74-95AF26E77556}.Debug|x64.ActiveCfg = Debug|x64
		{DB5F0465-4946-4DCD-AB74-95AF26E77556}.Debug|x64.Build.0 = Debug|x64
		{DB5F0465-4946-4DCD-AB74-95AF26E77556}.Debug|x86.ActiveCfg = Debug|Win32
		{DB5F0465-4946-4DCD-AB74-95AF26E77556}.Debug|x86.Build.0 = Debug|Win32
		{DB5F0465-4946-4DCD-AB74-95AF26E77556}.Release|x64.ActiveCfg = Release|x64
		{DB5F0465-4946-4DCD-AB74-95AF26E77556}.Release|x64.Build.0 = Release|x64
		{DB5F0465-4946-4DCD-AB74-95AF26E77556}.Release|x86.ActiveCfg = Release|Win32
		{DB5F0465-4946-4DCD-AB74-95AF26E77556}.Release|x86.Build.0 = Release|Win32
		{AB088789-83CA-402B-9B4F-336B75296ACA}.Debug|x64.ActiveCfg = Debug|x64
		{AB088789-83CA-402B-9B4F-336B75296ACA}.Debug|x64.Build.0 = Debug|x64
		{AB088789-83CA-402B-9B4F-336B75296ACA}.Debug|x86.ActiveCfg = Debug|Win32
		{AB088789-83CA-402B-9B4F-336B75296ACA}.Debug|x86.Build.0 = Debug|Win32
		{AB088789-83CA-402B-9B4F-336B75296ACA}.Release|x64.ActiveCfg = Release|x64
		{AB088789-83CA-402B-9B4F-336B75296ACA}.Release|x64.Build.0 = Release|x64
		{AB088789-83CA-402B-9B4F-336B75296ACA}.Release|x86.ActiveCfg = Release|Win32
		{AB088789-83CA-402B-9B4F-336B75296ACA}.Release|x86.Build.0 = Release|Win32
		{04964E2E-14DF-452E-B853-8BE5FFF12493}.Debug|x64.ActiveCfg = Debug|x64
		{04964E2E-14DF-452E-B853-8BE5FFF12493}.Debug|x64.Build.0 = Debug|x64
		{04964E2E-14DF-452E-B853-8BE5FFF12493}.Debug|x86.ActiveCfg = Debug|Win32
		{04964E2E-14DF-452E-B853-8BE5FFF12493}.Debug|x86.Build.0 = Debug|Win32
		{04964E2E-14DF-452E-B853-8BE5FFF12493}.Release|x64.ActiveCfg = Release|x64
		{04964E2E-14DF-452E-B853-8BE5FFF12493}.Release|x64.Build.0 = Release|x64
		{04964E2E-14DF-452E-B853-8BE5FFF12493}.Release|x86.ActiveCfg = Release|Win32
		{04964E2E-14DF-452E-B853-8BE5FFF12493}.Release|x86.Build.0 = Release|Win32
		{2E0EB71A-3DF2-46D2-B3A5-2C1A96FFD643}.Debug|x64.ActiveCfg = Debug|x64
		{2E0EB71A-3DF2-46D2-B3A5-2C1A96FFD643}.Debug|x64.Build.0 = Debug|x64
		{2E0EB71A-3DF2-46D2-B3A5-2C1A96FFD643}.Debug|x86.ActiveCfg = Debug|Win32
		{2E0EB71A-3DF2-46D2-B3A5-2C1A96FFD643}.Debug|x86.Build.0 = Debug|Win32
		{2E0EB71A-3DF2-46D2-B3A5-2C1A96FFD643}.Release|x64.ActiveCfg = Release|x64
		{2E0EB71A-3DF2-46D2-B3A5-2C1A96FFD643}.Release|x64.Build.0 = Release|x64
		{2E0EB71A-3DF2-46D2-B3A5-2C1A96FFD643}.Release|x86.ActiveCfg = Release|Win32
		{2E0EB71A-3DF2-46D2-B3A5-2C1A96FFD643}.Release|x86.Build.0 = Release|Win32
		{D9865732-E2EA-4A1A-87A4-8B2BCEC505CB}.Debug|x64.ActiveCfg = Debug|x64
		{D9865732-E2EA-4A1A-87A4-8B2BCEC505CB}.Debug|x64.Build.0 = Debug|x64
		{D9865732-E2EA-4A1A-87A4-8B2BCEC505CB}.Debug|x86.ActiveCfg = Debug|Win32
		{D9865732-E2EA-4A1A-87A4-8B2BCEC505CB}.Debug|x86.Build.0 = Debug|Win32
		{D9865732-E2EA-4A1A-87A4-8B2BCEC505CB}.Release|x64.ActiveCfg = Release|x64
		{D9865732-E2EA-4A1A-87A4-8B2BCEC505CB}.Release|x64.Build.0 = Release|x64
		{D9865732-E2EA-4A1A-87A4-8B2BCEC505CB}.Release|x86.ActiveCfg = Release|Win32
		{D9865732-E2EA-4A1A-87A4-8B2BCEC505CB}.Release|x86.Build.0 = Release|Win32
		{6E8E1584-603E-4D68-98DB-FF13E2C2BB87}.Debug|x64.ActiveCfg = Debug|x64
		{6E8E1584-603E-4D68-98DB-FF13E2C2BB87}.Debug|x64.Build.0 = Debug|x64
		{6E8E1584-603E-4D68-98DB-FF13E2C2BB87}.Debug|x86.ActiveCfg = Debug|Win32
		{6E8E1584-603E-4D68-98DB-FF13E2C2BB87}.Debug|x86.Build.0 = Debug|Win32
		{6E8E1584-603E-4D68-98DB-FF13E2C2BB87}.Release|x64.ActiveCfg = Release|x64
		{6E8E1584-603E-4D68-98DB-FF13E2C2BB87}.Release|x64.Build.0 = Release|x64
		{6E8E1584-603E-4D68-98DB-FF13E2C2BB87}.Release|x86.ActiveCfg = Release|Win32
		{6E8E1584-603E-4D68-98DB-FF13E2C2BB87}.Release|x86.Build.0 = Release|Win32
		{28220E74-680B-4704-BB6D-B1E22F410756}.Debug|x64.ActiveCfg = Debug|x64
		{28220E74-680B-4704-BB6D-B1E22F410756}.Debug|x64.Build.0 = Debug|x64
		{28220E74-680B-4704-BB6D-B1E22F410756}.Debug|x86.ActiveCfg = Debug|Win32
		{28220E74-680B-4704-BB6D-B1E22F410756}.Debug|x86.Build.0 = Debug|Win32
		{28220E74-680B-4704-BB6D-B1E22F410756}.Release|x64.ActiveCfg = Release|x64
		{28220E74-680B-4704-BB6D-B1E22F410756}.Release|x64.Build.0 = Release|x64
		{28220E74-680B-4704-BB6D-B1E22F410756}.Release|x86.ActiveCfg = Release|Win32
		{28220E74-680B-4704-BB6D-B1E22F410756}.Release|x86.Build.0 = Release|Win32
		{370238D9-2082-4383-B072-B0A38C9E03EF}.Debug|x64.ActiveCfg = Debug|x64
		{370238D9-2082-4383-B072-B0A38C9E03EF}.Debug|x64.Build.0 = Debug|x64
		{370238D9-2082-4383-B072-B0A38C9E03EF}.Debug|x86.ActiveCfg = Debug|Win32
		{370238D9-2082-4383-B072-B0A38C9E03EF}.Debug|x86.Build.0 = Debug|Win32
		{370238D9-2082-4383-B072-B0A38C9E03EF}.Release|x64.ActiveCfg = Release|x64
		{370238D9-2082-4383-B072-B0A38C9E03EF}.Release|x64.Build.0 = Release|x64
		{370238D9-2082-4383-B072-B0A38C9E03EF}.Release|x86.ActiveCfg = Release|Win32
		{370238D9-2082-4383-B072-B0A38C9E03EF}.Release|x86.Build.0 = Release|Win32
		{104648E3-C18B-422C-B045-49D6B78D7DB6}.Debug|x64.ActiveCfg = Debug|x64
		{104648E3-C18B-422C-B045-49D6B78D7DB6}.Debug|x64.Build.0 = Debug|x64
		{104648E3-C18B-422C-B045-49D6B78D7DB6}.Debug|x86.ActiveCfg = Debug|Win32
		{104648E3-C18B-422C-B045-49D6B78D7DB6}.Debug|x86.Build.0 = Debug|Win32
		{104648E3-C18B-422C-B045-49D6B78D7DB6}.Release|x64.ActiveCfg = Release|x64
		{104648E3-C18B-422C-B045-49D6B78D7DB6}.Release|x64.Build.0 = Release|x64
		{104648E3-C18B-422C-B045-49D6B78D7DB6}.Release|x86.ActiveCfg = Release|Win32
		{104648E3-C18B-422C-B045-49D6B78D7DB6}.Release|x86.Build.0 = Release|Win32
		{B12641D7-52DB-4AB0-B98E-C1C639B5E244}.Debug|x64.ActiveCfg = Debug|x64
		{B12641D7-52DB-4AB0-B98E-C1C639B5E244}.Debug|x64.Build.0 = Debug|x64
		{B12641D7-52DB-4AB0-B98E-C1C639B5E244}.Debug|x86.ActiveCfg = Debug|Win32
		{B12641D7-52DB-4AB0-B98E-C1C639B5E244}.Debug|x86.Build.0 = Debug|Win32
		{B12641D7-52DB-4AB0-B98E-C1C639B5E244}.Release|x64.ActiveCfg = Release|x64
		{B12641D7-52DB-4AB0-B98E-C1C639B5E244}.Release|x64.Build.0 = Release|x64
		{B12641D7-52DB-4AB0-B98E-C1C639B5E244}.Release|x86.ActiveCfg = Release|Win32
		{B12641D7-52DB-4AB0-B98E-C1C639B5E244}.Release|x86.Build.0 = Release|Win32
		{5BE37AEA-9021-481E-BF67-99A6E32D1017}.Debug|x64.ActiveCfg = Debug|x64
		{5BE37AEA-9021-481E-BF67-99A6E32D1017}.Debug|x64.Build.0 = Debug|x64
		{5BE37AEA-9021-481E-BF67-99A6E32D1017}.Debug|x86.ActiveCfg = Debug|Win32
		{5BE37AEA-9021-481E-BF67-99A6E32D1017}.Debug|x86.Build.0 = Debug|Win32
		{5BE37AEA-9021-481E-BF67-99A6E32D1017}.Release|x64.ActiveCfg = Release|x64
		{5BE37AEA-9021-481E-BF67-99A6E32D1017}.Release|x64.Build.0 = Release|x64
		{5BE37AEA-9021-481E-BF67-99A6E32D1017}.Release|x86.ActiveCfg = Release|Win32
		{5BE37AEA-9021-481E-BF67-99A6E32D1017}.Release|x86.Build.0 = Release|Win32
		{57972A20-B00B-48B9-8D1D-20A278005156}.Debug|x64.ActiveCfg = Debug|x64
		{57972A20-B00B-48B9-8D1D-20A278005156}.Debug|x64.Build.0 = Debug|x64
		{57972A20-B00B-48B9-8D1D-20A278005156}.Debug|x86.ActiveCfg = Debug|Win32
		{57972A20-B00B-48B9-8D1D-20A278005156}.Debug|x86.Build.0 = Debug|Win32
		{57972A20-B00B-48B9-8D1D-20A278005156}.Release|x64.ActiveCfg = Release|x64
		{57972A20-B00B-48B9-8D1D-20A278005156}.Release|x64.Build.0 = Release|x64
		{57972A20-B00B-48B9-8D1D-20A278005156}.Release|x86.ActiveCfg = Release|Win32
		{57972A20-B00B-48B9-8D1D-20A278005156}.Release|x86.Build.0 = Release|Win32
		{86877CFA-CE1B-4EB1-AAC8-0C273CCDB09E}.Debug|x64.ActiveCfg = Debug|x64
		{86877CFA-CE1B-4EB1-AAC8-0C273CCDB09E}.Debug|x64.Build.0 = Debug|x64
		{86877CFA-CE1B-4EB1-AAC8-0C273CCDB09E}.Debug|x86.ActiveCfg = Debug|Win32
		{86877CFA-CE1B-4EB1-AAC8-0C273CCDB09E}.Debug|x86.Build.0 = Debug|Win32
		{86877CFA-CE1B-4EB1-AAC8-0C273CCDB09E}.Release|x64.ActiveCfg = Release|x64
		{86877CFA-CE1B-4EB1-AAC8-0C273CCDB09E}.Release|x64.Build.0 = Release|x64
		{86877CFA-CE1B-4EB1-AAC8-0C273CCDB09E}.Release|x86.ActiveCfg = Release|Win32
		{86877CFA-CE1B-4EB1-AAC8-0C273CCDB09E}.Release|x86.Build.0 = Release|Win32
		{9F324DAD-B169-4463-BE76-50520CA6D369}.Debug|x64.ActiveCfg = Debug|x64
		{9F324DAD-B169-4463-BE76-50520CA6D369}.Debug|x64.Build.0 = Debug|x64
		{9F324DAD-B169-4463-BE76-50520CA6D369}.Debug|x86.ActiveCfg = Debug|Win32
		{9F324DAD-B169-4463-BE76-50520CA6D369}.Debug|x86.Build.0 = Debug|Win32
		{9F324DAD-B169-4463-BE76-50520CA6D369}.Release|x64.ActiveCfg = Release|x64
		{9F324DAD-B169-4463-BE76-50520CA6D369}.Release|x64.Build.0 = Release|x64
		{9F324DAD-B169-4463-BE76-50520CA6D369}.Release|x86.ActiveCfg = Release|Win32
		{9F324DAD-B169-4463-BE76-50520CA6D369}.Release|x86.Build.0 = Release|Win32
		{8F077B15-12A8-4D71-8721-7023A29574E8}.Debug|x64.ActiveCfg = Debug|x64
		{8F077B15-12A8-4D71-8721-7023A29574E8}.Debug|x64.Build.0 = Debug|x64
		{8F077B15-12A8-4D71-8721-7023A29574E8}.Debug|x86.ActiveCfg = Debug|Win32
		{8F077B15-12A8-4D71-8721-7023A29574E8}.Debug|x86.Build.0 = Debug|Win32
		{8F077B15-12A8-4D71-8721-7023A29574E8}.Release|x64.ActiveCfg = Release|x64
		{8F077B15-12A8-4D71-8721-7023A29574E8}.Release|x64.Build.0 = Release|x64
		{8F077B15-12A8-4D71-8721-7023A29574E8}.Release|x86.ActiveCfg = Release|Win32
		{8F077B15-12A8-4D71-8721-7023A29574E8}.Release|x86.Build.0 = Release|Win32
		{B424BE89-2D7F-4526-A02D-4C2389140907}.Debug|x64.ActiveCfg = Debug|x64
		{B424BE89-2D7F-4526-A02D-4C2389140907}.Debug|x64.Build.0 = Debug|x64
		{B424BE89-2D7F-4526-A02D-4C2389140907}.Debug|x86.ActiveCfg = Debug|Win32
		{B424BE89-2D7F-4526-A02D-4C2389140907}.Debug|x86.Build.0 = Debug|Win32
		{B424BE89-2D7F-4526-A02D-4C2389140907}.Release|x64.ActiveCfg = Release|x64
		{B424BE89-2D7F-4526-A02D-4C2389140907}.Release|x64.Build.0 = Release|x64
		{B424BE89-2D7F-4526-A02D-4C2389140907}.Release|x86.ActiveCfg = Release|Win32
		{B424BE89-2D7F-4526-A02D-4C2389140907}.Release|x86.Build.0 = Release|Win32
		{8FF2575D-E463-4817-B1F5-5FA94775E568}.Debug|x64.ActiveCfg = Debug|x64
		{8FF2575D-E463-4817-B1F5-5FA94775E568}.Debug|x64.Build.0 = Debug|x64
		{8FF2575D-E463-4817-B1F5-5FA94775E568}.Debug|x86.ActiveCfg = Debug|Win32
		{8FF2575D-E463-4817-B1F5-5FA94775E568}.Debug|x86.Build.0 = Debug|Win32
		{8FF2575D-E463-4817-B1F5-5FA94775E568}.Release|x64.ActiveCfg = Release|x64
		{8FF2575D-E463-4817-B1F5-5FA94775E568}.Release|x64.Build.0 = Release|x64
		{8FF2575D-E463-4817-B1F5-5FA94775E568}.Release|x86.ActiveCfg = Release|Win32
		{8FF2575D-E463-4817-B1F5-5FA94775E568}.Release|x86.Build.0 = Release|Win32
		{43D8F0AB-3CD7-4938-8784-2900D2004A40}.Debug|x64.ActiveCfg = Debug|x64
		{43D8F0AB-3CD7-4938-8784-2900D2004A40}.Debug|x64.Build.0 = Debug|x64
		{43D8F0AB-3CD7-4938-8784-2900D2004A40}.Debug|x86.ActiveCfg = Debug|Win32
		{43D8F0AB-3CD7-4938-8784-2900D2004A40}.Debug|x86.Build.0 = Debug|Win32
		{43D8F0AB-3CD7-4938-8784-2900D2004A40}.Release|x64.ActiveCfg = Release|x64
		{43D8F0AB-3CD7-4938-8784-2900D2004A40}.Release|x64.Build.0 = Release|x64
		{43D8F0AB-3CD7-4938-8784-2900D2004A40}.Release|x86.ActiveCfg = Release|Win32
		{43D8F0AB-3CD7-4938-8784-2900D2004A40}.Release|x86.Build.0 = Release|Win32
		{6BCADBE4-3AAF-4AEB-95CF-EDB078100943}.Debug|x64.ActiveCfg = Debug|x64
		{6BCADBE4-3AAF-4AEB-95CF-EDB078100943}.Debug|x64.Build.0 = Debug|x64
		{6BCADBE4-3AAF-4AEB-95CF-EDB078100943}.Debug|x86.ActiveCfg = Debug|Win32
		{6BCADBE4-3AAF-4AEB-95CF-EDB078100943}.Debug|x86.Build.0 = Debug|Win32
		{6BCADBE4-3AAF-4AEB-95CF-EDB078100943}.Release|x64.ActiveCfg = Release|x64
		{6BCADBE4-3AAF-4AEB-95CF-EDB078100943}.Release|x64.Build.0 = Release|x64
		{6BCADBE4-3AAF-4AEB-95CF-EDB078100943}.Release|x86.ActiveCfg = Release|Win32
		{6BCADBE4-3AAF-4AEB-95CF-EDB078100943}.Release|x86.Build.0 = Release|Win32
		{70F4211D-2911-4794-B989-9724E898D6D2}.Debug|x64.ActiveCfg = Debug|x64
		{70F4211D-2911-4794-B989-9724E898D6D2}.Debug|x64.Build.0 = Debug|x64
		{70F4211D-2911-4794-B989-9724E898D6D2}.Debug|x86.ActiveCfg = Debug|Win32
		{70F4211D-2911-4794-B989-9724E898D6D2}.Debug|x86.Build.0 = Debug|Win32
		{70F4211D-2911-4794-B989-9724E898D6D2}.Release|x64.ActiveCfg = Release|x64
		{70F4211D-2911-4794-B989-9724E898D6D2}.Release|x64.Build.0 = Release|x64
		{70F4211D-2911-4794-B989-9724E898D6D2}.Release|x86.ActiveCfg = Release|Win32
		{70F4211D-2911-4794-B989-9724E898D6D2}.Release|x86.Build.0 = Release|Win32
	EndGlobalSection
	GlobalSection(SolutionProperties) = preSolution
		HideSolutionNode = FALSE
	EndGlobalSection
	GlobalSection(ExtensibilityGlobals) = postSolution
		SolutionGuid = {9C86803B-3C60-4943-86D7-08ED7B2E51E6}
	EndGlobalSection
EndGlobal
