
Microsoft Visual Studio Solution File, Format Version 12.00
# Visual Studio Version 17
VisualStudioVersion = 17.5.33424.131
MinimumVisualStudioVersion = 10.0.40219.1
Project("{8BC9CEB8-8B4A-11D0-8D11-00A0C91BC942}") = "Data Abstraction, Assignment 1.1", "Module 1, Assignment 1.1\Module 1, Assignment 1.1.vcxproj", "{57330330-C9F1-46AC-881E-CA7ECD9C37AC}"
EndProject
Project("{8BC9CEB8-8B4A-11D0-8D11-00A0C91BC942}") = "Data Abstraction, Examples", "Module 1, Examples\Module 1, Examples.vcxproj", "{1A52CC32-A02D-4E3F-8614-07D989CCD890}"
EndProject
Project("{8BC9CEB8-8B4A-11D0-8D11-00A0C91BC942}") = "Data Abstraction, Assignment 1.2", "Module 1, Assignment 1.2\Module 1, Assignment 1.2.vcxproj", "{DA31D643-FAB3-4793-9931-99A4A18D5CC0}"
EndProject
Project("{8BC9CEB8-8B4A-11D0-8D11-00A0C91BC942}") = "Course Source Code", "Course Source Code\Course Source Code.vcxproj", "{852A4AE1-E533-4CAF-AFC0-E8F947BA3A06}"
EndProject
Project("{8BC9CEB8-8B4A-11D0-8D11-00A0C91BC942}") = "Recursion, Assignment 2.1", "Module 2, Assignment 2.1-Test\Module 2, Assignment 2.1-Test.vcxproj", "{0BC0851F-F2AE-4931-A9C4-696AA9A8E43C}"
EndProject
Project("{8BC9CEB8-8B4A-11D0-8D11-00A0C91BC942}") = "Recursion, Assignment 2.2", "Module 2, Assignment 2.2\Module 2, Assignment 2.2.vcxproj", "{97A4237E-2A8D-40C6-81AC-0ED80A306DA1}"
EndProject
Project("{8BC9CEB8-8B4A-11D0-8D11-00A0C91BC942}") = "Recursion, Assignment 2.3", "Recursion, Assignment 2.3\Recursion, Assignment 2.3.vcxproj", "{F9695712-73E0-4670-87DF-3EAC167E7F3B}"
EndProject
Project("{8BC9CEB8-8B4A-11D0-8D11-00A0C91BC942}") = "Data Abstraction, Assignment 1.1 V2", "Module 1, Assignment 1.1-V2\Module 1, Assignment 1.1-V2.vcxproj", "{BD6CD027-4A32-462A-AB81-D664D8BD2E81}"
EndProject
Project("{8BC9CEB8-8B4A-11D0-8D11-00A0C91BC942}") = "Recursion, Assignment 2.4", "Recursion, Assignment 2.4\Recursion, Assignment 2.4.vcxproj", "{F8A648BA-F714-4678-AF49-08942B430211}"
EndProject
Project("{8BC9CEB8-8B4A-11D0-8D11-00A0C91BC942}") = "Data Abstraction, Assignment 1.1 V3", "Module 1, Assignment 1.2 V3\Module 1, Assignment 1.2 V3.vcxproj", "{F459BFFC-48A1-4C5C-95B1-E2836A19D676}"
EndProject
Project("{8BC9CEB8-8B4A-11D0-8D11-00A0C91BC942}") = "Data Abstraction, Assignment 1.2 V2", "Module 1, Assignment 1.2 V2\Module 1, Assignment 1.2 V2.vcxproj", "{DB5F0465-4946-4DCD-AB74-95AF26E77556}"
EndProject
Project("{8BC9CEB8-8B4A-11D0-8D11-00A0C91BC942}") = "Array Based ADT Bags, Activity 3.1", "Module 3, Activity 3.1\Module 3, Activity 3.1.vcxproj", "{AB088789-83CA-402B-9B4F-336B75296ACA}"
EndProject
Project("{8BC9CEB8-8B4A-11D0-8D11-00A0C91BC942}") = "Array Based ADT Bags, Assignment 3.1", "Module 3, Assignment 3.1\Module 3, Assignment 3.1.vcxproj", "{04964E2E-14DF-452E-B853-8BE5FFF12493}"
EndProject
Project("{8BC9CEB8-8B4A-11D0-8D11-00A0C91BC942}") = "LinkedLists, Assignment 4.1", "LinkedLists, Assignment 4.1\LinkedLists, Assignment 4.1.vcxproj", "{2E0EB71A-3DF2-46D2-B3A5-2C1A96FFD643}"
EndProject
Global
	GlobalSection(SolutionConfigurationPlatforms) = preSolution
		Debug|x64 = Debug|x64
		Debug|x86 = Debug|x86
		Release|x64 = Release|x64
		Release|x86 = Release|x86
	EndGlobalSection
	GlobalSection(ProjectConfigurationPlatforms) = postSolution
		{57330330-C9F1-46AC-881E-CA7ECD9C37AC}.Debug|x64.ActiveCfg = Debug|x64
		{57330330-C9F1-46AC-881E-CA7ECD9C37AC}.Debug|x64.Build.0 = Debug|x64
		{57330330-C9F1-46AC-881E-CA7ECD9C37AC}.Debug|x86.ActiveCfg = Debug|Win32
		{57330330-C9F1-46AC-881E-CA7ECD9C37AC}.Debug|x86.Build.0 = Debug|Win32
		{57330330-C9F1-46AC-881E-CA7ECD9C37AC}.Release|x64.ActiveCfg = Release|x64
		{57330330-C9F1-46AC-881E-CA7ECD9C37AC}.Release|x64.Build.0 = Release|x64
		{57330330-C9F1-46AC-881E-CA7ECD9C37AC}.Release|x86.ActiveCfg = Release|Win32
		{57330330-C9F1-46AC-881E-CA7ECD9C37AC}.Release|x86.Build.0 = Release|Win32
		{1A52CC32-A02D-4E3F-8614-07D989CCD890}.Debug|x64.ActiveCfg = Debug|x64
		{1A52CC32-A02D-4E3F-8614-07D989CCD890}.Debug|x64.Build.0 = Debug|x64
		{1A52CC32-A02D-4E3F-8614-07D989CCD890}.Debug|x86.ActiveCfg = Debug|Win32
		{1A52CC32-A02D-4E3F-8614-07D989CCD890}.Debug|x86.Build.0 = Debug|Win32
		{1A52CC32-A02D-4E3F-8614-07D989CCD890}.Release|x64.ActiveCfg = Release|x64
		{1A52CC32-A02D-4E3F-8614-07D989CCD890}.Release|x64.Build.0 = Release|x64
		{1A52CC32-A02D-4E3F-8614-07D989CCD890}.Release|x86.ActiveCfg = Release|Win32
		{1A52CC32-A02D-4E3F-8614-07D989CCD890}.Release|x86.Build.0 = Release|Win32
		{DA31D643-FAB3-4793-9931-99A4A18D5CC0}.Debug|x64.ActiveCfg = Debug|x64
		{DA31D643-FAB3-4793-9931-99A4A18D5CC0}.Debug|x64.Build.0 = Debug|x64
		{DA31D643-FAB3-4793-9931-99A4A18D5CC0}.Debug|x86.ActiveCfg = Debug|Win32
		{DA31D643-FAB3-4793-9931-99A4A18D5CC0}.Debug|x86.Build.0 = Debug|Win32
		{DA31D643-FAB3-4793-9931-99A4A18D5CC0}.Release|x64.ActiveCfg = Release|x64
		{DA31D643-FAB3-4793-9931-99A4A18D5CC0}.Release|x64.Build.0 = Release|x64
		{DA31D643-FAB3-4793-9931-99A4A18D5CC0}.Release|x86.ActiveCfg = Release|Win32
		{DA31D643-FAB3-4793-9931-99A4A18D5CC0}.Release|x86.Build.0 = Release|Win32
		{852A4AE1-E533-4CAF-AFC0-E8F947BA3A06}.Debug|x64.ActiveCfg = Debug|x64
		{852A4AE1-E533-4CAF-AFC0-E8F947BA3A06}.Debug|x64.Build.0 = Debug|x64
		{852A4AE1-E533-4CAF-AFC0-E8F947BA3A06}.Debug|x86.ActiveCfg = Debug|Win32
		{852A4AE1-E533-4CAF-AFC0-E8F947BA3A06}.Debug|x86.Build.0 = Debug|Win32
		{852A4AE1-E533-4CAF-AFC0-E8F947BA3A06}.Release|x64.ActiveCfg = Release|x64
		{852A4AE1-E533-4CAF-AFC0-E8F947BA3A06}.Release|x64.Build.0 = Release|x64
		{852A4AE1-E533-4CAF-AFC0-E8F947BA3A06}.Release|x86.ActiveCfg = Release|Win32
		{852A4AE1-E533-4CAF-AFC0-E8F947BA3A06}.Release|x86.Build.0 = Release|Win32
		{0BC0851F-F2AE-4931-A9C4-696AA9A8E43C}.Debug|x64.ActiveCfg = Debug|x64
		{0BC0851F-F2AE-4931-A9C4-696AA9A8E43C}.Debug|x64.Build.0 = Debug|x64
		{0BC0851F-F2AE-4931-A9C4-696AA9A8E43C}.Debug|x86.ActiveCfg = Debug|Win32
		{0BC0851F-F2AE-4931-A9C4-696AA9A8E43C}.Debug|x86.Build.0 = Debug|Win32
		{0BC0851F-F2AE-4931-A9C4-696AA9A8E43C}.Release|x64.ActiveCfg = Release|x64
		{0BC0851F-F2AE-4931-A9C4-696AA9A8E43C}.Release|x64.Build.0 = Release|x64
		{0BC0851F-F2AE-4931-A9C4-696AA9A8E43C}.Release|x86.ActiveCfg = Release|Win32
		{0BC0851F-F2AE-4931-A9C4-696AA9A8E43C}.Release|x86.Build.0 = Release|Win32
		{97A4237E-2A8D-40C6-81AC-0ED80A306DA1}.Debug|x64.ActiveCfg = Debug|x64
		{97A4237E-2A8D-40C6-81AC-0ED80A306DA1}.Debug|x64.Build.0 = Debug|x64
		{97A4237E-2A8D-40C6-81AC-0ED80A306DA1}.Debug|x86.ActiveCfg = Debug|Win32
		{97A4237E-2A8D-40C6-81AC-0ED80A306DA1}.Debug|x86.Build.0 = Debug|Win32
		{97A4237E-2A8D-40C6-81AC-0ED80A306DA1}.Release|x64.ActiveCfg = Release|x64
		{97A4237E-2A8D-40C6-81AC-0ED80A306DA1}.Release|x64.Build.0 = Release|x64
		{97A4237E-2A8D-40C6-81AC-0ED80A306DA1}.Release|x86.ActiveCfg = Release|Win32
		{97A4237E-2A8D-40C6-81AC-0ED80A306DA1}.Release|x86.Build.0 = Release|Win32
		{F9695712-73E0-4670-87DF-3EAC167E7F3B}.Debug|x64.ActiveCfg = Debug|x64
		{F9695712-73E0-4670-87DF-3EAC167E7F3B}.Debug|x64.Build.0 = Debug|x64
		{F9695712-73E0-4670-87DF-3EAC167E7F3B}.Debug|x86.ActiveCfg = Debug|Win32
		{F9695712-73E0-4670-87DF-3EAC167E7F3B}.Debug|x86.Build.0 = Debug|Win32
		{F9695712-73E0-4670-87DF-3EAC167E7F3B}.Release|x64.ActiveCfg = Release|x64
		{F9695712-73E0-4670-87DF-3EAC167E7F3B}.Release|x64.Build.0 = Release|x64
		{F9695712-73E0-4670-87DF-3EAC167E7F3B}.Release|x86.ActiveCfg = Release|Win32
		{F9695712-73E0-4670-87DF-3EAC167E7F3B}.Release|x86.Build.0 = Release|Win32
		{BD6CD027-4A32-462A-AB81-D664D8BD2E81}.Debug|x64.ActiveCfg = Debug|x64
		{BD6CD027-4A32-462A-AB81-D664D8BD2E81}.Debug|x64.Build.0 = Debug|x64
		{BD6CD027-4A32-462A-AB81-D664D8BD2E81}.Debug|x86.ActiveCfg = Debug|Win32
		{BD6CD027-4A32-462A-AB81-D664D8BD2E81}.Debug|x86.Build.0 = Debug|Win32
		{BD6CD027-4A32-462A-AB81-D664D8BD2E81}.Release|x64.ActiveCfg = Release|x64
		{BD6CD027-4A32-462A-AB81-D664D8BD2E81}.Release|x64.Build.0 = Release|x64
		{BD6CD027-4A32-462A-AB81-D664D8BD2E81}.Release|x86.ActiveCfg = Release|Win32
		{BD6CD027-4A32-462A-AB81-D664D8BD2E81}.Release|x86.Build.0 = Release|Win32
		{F8A648BA-F714-4678-AF49-08942B430211}.Debug|x64.ActiveCfg = Debug|x64
		{F8A648BA-F714-4678-AF49-08942B430211}.Debug|x64.Build.0 = Debug|x64
		{F8A648BA-F714-4678-AF49-08942B430211}.Debug|x86.ActiveCfg = Debug|Win32
		{F8A648BA-F714-4678-AF49-08942B430211}.Debug|x86.Build.0 = Debug|Win32
		{F8A648BA-F714-4678-AF49-08942B430211}.Release|x64.ActiveCfg = Release|x64
		{F8A648BA-F714-4678-AF49-08942B430211}.Release|x64.Build.0 = Release|x64
		{F8A648BA-F714-4678-AF49-08942B430211}.Release|x86.ActiveCfg = Release|Win32
		{F8A648BA-F714-4678-AF49-08942B430211}.Release|x86.Build.0 = Release|Win32
		{F459BFFC-48A1-4C5C-95B1-E2836A19D676}.Debug|x64.ActiveCfg = Debug|x64
		{F459BFFC-48A1-4C5C-95B1-E2836A19D676}.Debug|x64.Build.0 = Debug|x64
		{F459BFFC-48A1-4C5C-95B1-E2836A19D676}.Debug|x86.ActiveCfg = Debug|Win32
		{F459BFFC-48A1-4C5C-95B1-E2836A19D676}.Debug|x86.Build.0 = Debug|Win32
		{F459BFFC-48A1-4C5C-95B1-E2836A19D676}.Release|x64.ActiveCfg = Release|x64
		{F459BFFC-48A1-4C5C-95B1-E2836A19D676}.Release|x64.Build.0 = Release|x64
		{F459BFFC-48A1-4C5C-95B1-E2836A19D676}.Release|x86.ActiveCfg = Release|Win32
		{F459BFFC-48A1-4C5C-95B1-E2836A19D676}.Release|x86.Build.0 = Release|Win32
		{DB5F0465-4946-4DCD-AB74-95AF26E77556}.Debug|x64.ActiveCfg = Debug|x64
		{DB5F0465-4946-4DCD-AB74-95AF26E77556}.Debug|x64.Build.0 = Debug|x64
		{DB5F0465-4946-4DCD-AB74-95AF26E77556}.Debug|x86.ActiveCfg = Debug|Win32
		{DB5F0465-4946-4DCD-AB74-95AF26E77556}.Debug|x86.Build.0 = Debug|Win32
		{DB5F0465-4946-4DCD-AB74-95AF26E77556}.Release|x64.ActiveCfg = Release|x64
		{DB5F0465-4946-4DCD-AB74-95AF26E77556}.Release|x64.Build.0 = Release|x64
		{DB5F0465-4946-4DCD-AB74-95AF26E77556}.Release|x86.ActiveCfg = Release|Win32
		{DB5F0465-4946-4DCD-AB74-95AF26E77556}.Release|x86.Build.0 = Release|Win32
		{AB088789-83CA-402B-9B4F-336B75296ACA}.Debug|x64.ActiveCfg = Debug|x64
		{AB088789-83CA-402B-9B4F-336B75296ACA}.Debug|x64.Build.0 = Debug|x64
		{AB088789-83CA-402B-9B4F-336B75296ACA}.Debug|x86.ActiveCfg = Debug|Win32
		{AB088789-83CA-402B-9B4F-336B75296ACA}.Debug|x86.Build.0 = Debug|Win32
		{AB088789-83CA-402B-9B4F-336B75296ACA}.Release|x64.ActiveCfg = Release|x64
		{AB088789-83CA-402B-9B4F-336B75296ACA}.Release|x64.Build.0 = Release|x64
		{AB088789-83CA-402B-9B4F-336B75296ACA}.Release|x86.ActiveCfg = Release|Win32
		{AB088789-83CA-402B-9B4F-336B75296ACA}.Release|x86.Build.0 = Release|Win32
		{04964E2E-14DF-452E-B853-8BE5FFF12493}.Debug|x64.ActiveCfg = Debug|x64
		{04964E2E-14DF-452E-B853-8BE5FFF12493}.Debug|x64.Build.0 = Debug|x64
		{04964E2E-14DF-452E-B853-8BE5FFF12493}.Debug|x86.ActiveCfg = Debug|Win32
		{04964E2E-14DF-452E-B853-8BE5FFF12493}.Debug|x86.Build.0 = Debug|Win32
		{04964E2E-14DF-452E-B853-8BE5FFF12493}.Release|x64.ActiveCfg = Release|x64
		{04964E2E-14DF-452E-B853-8BE5FFF12493}.Release|x64.Build.0 = Release|x64
		{04964E2E-14DF-452E-B853-8BE5FFF12493}.Release|x86.ActiveCfg = Release|Win32
		{04964E2E-14DF-452E-B853-8BE5FFF12493}.Release|x86.Build.0 = Release|Win32
		{2E0EB71A-3DF2-46D2-B3A5-2C1A96FFD643}.Debug|x64.ActiveCfg = Debug|x64
		{2E0EB71A-3DF2-46D2-B3A5-2C1A96FFD643}.Debug|x64.Build.0 = Debug|x64
		{2E0EB71A-3DF2-46D2-B3A5-2C1A96FFD643}.Debug|x86.ActiveCfg = Debug|Win32
		{2E0EB71A-3DF2-46D2-B3A5-2C1A96FFD643}.Debug|x86.Build.0 = Debug|Win32
		{2E0EB71A-3DF2-46D2-B3A5-2C1A96FFD643}.Release|x64.ActiveCfg = Release|x64
		{2E0EB71A-3DF2-46D2-B3A5-2C1A96FFD643}.Release|x64.Build.0 = Release|x64
		{2E0EB71A-3DF2-46D2-B3A5-2C1A96FFD643}.Release|x86.ActiveCfg = Release|Win32
		{2E0EB71A-3DF2-46D2-B3A5-2C1A96FFD643}.Release|x86.Build.0 = Release|Win32
	EndGlobalSection
	GlobalSection(SolutionProperties) = preSolution
		HideSolutionNode = FALSE
	EndGlobalSection
	GlobalSection(ExtensibilityGlobals) = postSolution
		SolutionGuid = {9C86803B-3C60-4943-86D7-08ED7B2E51E6}
	EndGlobalSection
EndGlobal
